
Microsoft Visual Studio Solution File, Format Version 12.00
# Visual Studio Version 17
VisualStudioVersion = 17.1.32328.378
MinimumVisualStudioVersion = 10.0.40219.1
Project("{9A19103F-16F7-4668-BE54-9A1E7A4F7556}") = "Projekt", "Projekt\Projekt.csproj", "{46F4742A-096A-484C-9640-952A84B4BF6D}"
EndProject
Project("{FAE04EC0-301F-11D3-BF4B-00C04F79EFBC}") = "InterestTrigger", "InterestTrigger\InterestTrigger.csproj", "{36DEFFC8-BA04-4C91-8632-FDD34C95D751}"
EndProject
Project("{FAE04EC0-301F-11D3-BF4B-00C04F79EFBC}") = "UserTrigger", "UserTrigger\UserTrigger.csproj", "{F2EC0717-DAFF-42D2-BAFD-AC830574767F}"
EndProject
Global
	GlobalSection(SolutionConfigurationPlatforms) = preSolution
		Debug|Any CPU = Debug|Any CPU
		Release|Any CPU = Release|Any CPU
	EndGlobalSection
	GlobalSection(ProjectConfigurationPlatforms) = postSolution
		{46F4742A-096A-484C-9640-952A84B4BF6D}.Debug|Any CPU.ActiveCfg = Debug|Any CPU
		{46F4742A-096A-484C-9640-952A84B4BF6D}.Debug|Any CPU.Build.0 = Debug|Any CPU
		{46F4742A-096A-484C-9640-952A84B4BF6D}.Release|Any CPU.ActiveCfg = Release|Any CPU
		{46F4742A-096A-484C-9640-952A84B4BF6D}.Release|Any CPU.Build.0 = Release|Any CPU
		{36DEFFC8-BA04-4C91-8632-FDD34C95D751}.Debug|Any CPU.ActiveCfg = Debug|Any CPU
		{36DEFFC8-BA04-4C91-8632-FDD34C95D751}.Debug|Any CPU.Build.0 = Debug|Any CPU
		{36DEFFC8-BA04-4C91-8632-FDD34C95D751}.Release|Any CPU.ActiveCfg = Release|Any CPU
		{36DEFFC8-BA04-4C91-8632-FDD34C95D751}.Release|Any CPU.Build.0 = Release|Any CPU
		{F2EC0717-DAFF-42D2-BAFD-AC830574767F}.Debug|Any CPU.ActiveCfg = Debug|Any CPU
		{F2EC0717-DAFF-42D2-BAFD-AC830574767F}.Debug|Any CPU.Build.0 = Debug|Any CPU
		{F2EC0717-DAFF-42D2-BAFD-AC830574767F}.Release|Any CPU.ActiveCfg = Release|Any CPU
		{F2EC0717-DAFF-42D2-BAFD-AC830574767F}.Release|Any CPU.Build.0 = Release|Any CPU
	EndGlobalSection
	GlobalSection(SolutionProperties) = preSolution
		HideSolutionNode = FALSE
	EndGlobalSection
	GlobalSection(ExtensibilityGlobals) = postSolution
		SolutionGuid = {B1648F82-C668-433B-B495-F36EEE65EAE0}
	EndGlobalSection
EndGlobal
