
Microsoft Visual Studio Solution File, Format Version 12.00
# Visual Studio Version 17
VisualStudioVersion = 17.1.32328.378
MinimumVisualStudioVersion = 10.0.40219.1
Project("{9A19103F-16F7-4668-BE54-9A1E7A4F7556}") = "Produktverwaltung", "Produktverwaltung\Produktverwaltung.csproj", "{2DF36EFE-8982-4305-9F5A-1BC3A76CBB7A}"
EndProject
Project("{FAE04EC0-301F-11D3-BF4B-00C04F79EFBC}") = "QueueTriggerFunction", "QueueTriggerFunction\QueueTriggerFunction.csproj", "{50FE6BE5-C88E-4BEE-8012-FFC3CDBF6466}"
EndProject
Global
	GlobalSection(SolutionConfigurationPlatforms) = preSolution
		Debug|Any CPU = Debug|Any CPU
		Release|Any CPU = Release|Any CPU
	EndGlobalSection
	GlobalSection(ProjectConfigurationPlatforms) = postSolution
		{2DF36EFE-8982-4305-9F5A-1BC3A76CBB7A}.Debug|Any CPU.ActiveCfg = Debug|Any CPU
		{2DF36EFE-8982-4305-9F5A-1BC3A76CBB7A}.Debug|Any CPU.Build.0 = Debug|Any CPU
		{2DF36EFE-8982-4305-9F5A-1BC3A76CBB7A}.Release|Any CPU.ActiveCfg = Release|Any CPU
		{2DF36EFE-8982-4305-9F5A-1BC3A76CBB7A}.Release|Any CPU.Build.0 = Release|Any CPU
		{50FE6BE5-C88E-4BEE-8012-FFC3CDBF6466}.Debug|Any CPU.ActiveCfg = Debug|Any CPU
		{50FE6BE5-C88E-4BEE-8012-FFC3CDBF6466}.Debug|Any CPU.Build.0 = Debug|Any CPU
		{50FE6BE5-C88E-4BEE-8012-FFC3CDBF6466}.Release|Any CPU.ActiveCfg = Release|Any CPU
		{50FE6BE5-C88E-4BEE-8012-FFC3CDBF6466}.Release|Any CPU.Build.0 = Release|Any CPU
	EndGlobalSection
	GlobalSection(SolutionProperties) = preSolution
		HideSolutionNode = FALSE
	EndGlobalSection
	GlobalSection(ExtensibilityGlobals) = postSolution
		SolutionGuid = {EFC9FC77-06ED-480D-B42C-76272497BF26}
	EndGlobalSection
EndGlobal
